
Microsoft Visual Studio Solution File, Format Version 12.00
# Visual Studio Version 17
VisualStudioVersion = 17.0.32126.317
MinimumVisualStudioVersion = 10.0.40219.1
Project("{9A19103F-16F7-4668-BE54-9A1E7A4F7556}") = "CodeRabbits.KaoList.Web", "CodeRabbits.KaoList.Web\CodeRabbits.KaoList.Web.csproj", "{3566B9A2-E560-4BB3-9CB6-FFE509FF7746}"
	ProjectSection(ProjectDependencies) = postProject
		{E27BB9A3-CFFD-44B1-A633-AE1DC2D71044} = {E27BB9A3-CFFD-44B1-A633-AE1DC2D71044}
	EndProjectSection
EndProject
Project("{FAE04EC0-301F-11D3-BF4B-00C04F79EFBC}") = "CodeRabbits.KaoList.Data", "CodeRabbits.KaoList.Data\CodeRabbits.KaoList.Data.csproj", "{E27BB9A3-CFFD-44B1-A633-AE1DC2D71044}"
EndProject
Project("{9A19103F-16F7-4668-BE54-9A1E7A4F7556}") = "CodeRabbits.KaoList.Bookmark", "CodeRabbits.KaoList.Bookmark\src\CodeRabbits.KaoList.Bookmark.csproj", "{CA686F94-009B-4968-A121-6597D241B7F9}"
EndProject
Global
	GlobalSection(SolutionConfigurationPlatforms) = preSolution
		Debug|Any CPU = Debug|Any CPU
		Release|Any CPU = Release|Any CPU
	EndGlobalSection
	GlobalSection(ProjectConfigurationPlatforms) = postSolution
		{3566B9A2-E560-4BB3-9CB6-FFE509FF7746}.Debug|Any CPU.ActiveCfg = Debug|Any CPU
		{3566B9A2-E560-4BB3-9CB6-FFE509FF7746}.Debug|Any CPU.Build.0 = Debug|Any CPU
		{3566B9A2-E560-4BB3-9CB6-FFE509FF7746}.Release|Any CPU.ActiveCfg = Release|Any CPU
		{3566B9A2-E560-4BB3-9CB6-FFE509FF7746}.Release|Any CPU.Build.0 = Release|Any CPU
		{E27BB9A3-CFFD-44B1-A633-AE1DC2D71044}.Debug|Any CPU.ActiveCfg = Debug|Any CPU
		{E27BB9A3-CFFD-44B1-A633-AE1DC2D71044}.Debug|Any CPU.Build.0 = Debug|Any CPU
		{E27BB9A3-CFFD-44B1-A633-AE1DC2D71044}.Release|Any CPU.ActiveCfg = Release|Any CPU
		{E27BB9A3-CFFD-44B1-A633-AE1DC2D71044}.Release|Any CPU.Build.0 = Release|Any CPU
		{CA686F94-009B-4968-A121-6597D241B7F9}.Debug|Any CPU.ActiveCfg = Debug|Any CPU
		{CA686F94-009B-4968-A121-6597D241B7F9}.Debug|Any CPU.Build.0 = Debug|Any CPU
		{CA686F94-009B-4968-A121-6597D241B7F9}.Release|Any CPU.ActiveCfg = Release|Any CPU
		{CA686F94-009B-4968-A121-6597D241B7F9}.Release|Any CPU.Build.0 = Release|Any CPU
	EndGlobalSection
	GlobalSection(SolutionProperties) = preSolution
		HideSolutionNode = FALSE
	EndGlobalSection
	GlobalSection(ExtensibilityGlobals) = postSolution
		SolutionGuid = {0C3028D7-CF5D-47FB-9426-501EDE0FF3C0}
	EndGlobalSection
EndGlobal
